// !$*UTF8*$!
{
	archiveVersion = 1;
	classes = {
	};
	objectVersion = 46;
	objects = {

/* Begin PBXBuildFile section */
		4A80471C1E5143E700A6C22C /* AppDelegate.swift in Sources */ = {isa = PBXBuildFile; fileRef = 4A80471B1E5143E700A6C22C /* AppDelegate.swift */; };
		4A80471E1E5143E700A6C22C /* ViewController.swift in Sources */ = {isa = PBXBuildFile; fileRef = 4A80471D1E5143E700A6C22C /* ViewController.swift */; };
		4A8047211E5143E700A6C22C /* Main.storyboard in Resources */ = {isa = PBXBuildFile; fileRef = 4A80471F1E5143E700A6C22C /* Main.storyboard */; };
		4A8047231E5143E700A6C22C /* Assets.xcassets in Resources */ = {isa = PBXBuildFile; fileRef = 4A8047221E5143E700A6C22C /* Assets.xcassets */; };
		4A8047261E5143E700A6C22C /* LaunchScreen.storyboard in Resources */ = {isa = PBXBuildFile; fileRef = 4A8047241E5143E700A6C22C /* LaunchScreen.storyboard */; };
		4A8047311E5143E700A6C22C /* Button_FunTests.swift in Sources */ = {isa = PBXBuildFile; fileRef = 4A8047301E5143E700A6C22C /* Button_FunTests.swift */; };
		4A80473C1E5143E700A6C22C /* Button_FunUITests.swift in Sources */ = {isa = PBXBuildFile; fileRef = 4A80473B1E5143E700A6C22C /* Button_FunUITests.swift */; };
		4A80474F1E5162E700A6C22C /* UIColor+RandomColor.swift in Sources */ = {isa = PBXBuildFile; fileRef = 4A80474E1E5162E700A6C22C /* UIColor+RandomColor.swift */; };
		4A8047511E51657D00A6C22C /* Block.swift in Sources */ = {isa = PBXBuildFile; fileRef = 4A8047501E51657D00A6C22C /* Block.swift */; };
		4A8047541E5165FC00A6C22C /* Constants.swift in Sources */ = {isa = PBXBuildFile; fileRef = 4A8047531E5165FC00A6C22C /* Constants.swift */; };
/* End PBXBuildFile section */

/* Begin PBXContainerItemProxy section */
		4A80472D1E5143E700A6C22C /* PBXContainerItemProxy */ = {
			isa = PBXContainerItemProxy;
			containerPortal = 4A8047101E5143E600A6C22C /* Project object */;
			proxyType = 1;
			remoteGlobalIDString = 4A8047171E5143E600A6C22C;
			remoteInfo = "Button Fun";
		};
		4A8047381E5143E700A6C22C /* PBXContainerItemProxy */ = {
			isa = PBXContainerItemProxy;
			containerPortal = 4A8047101E5143E600A6C22C /* Project object */;
			proxyType = 1;
			remoteGlobalIDString = 4A8047171E5143E600A6C22C;
			remoteInfo = "Button Fun";
		};
/* End PBXContainerItemProxy section */

/* Begin PBXFileReference section */
		4A8047181E5143E700A6C22C /* Button Fun.app */ = {isa = PBXFileReference; explicitFileType = wrapper.application; includeInIndex = 0; path = "Button Fun.app"; sourceTree = BUILT_PRODUCTS_DIR; };
		4A80471B1E5143E700A6C22C /* AppDelegate.swift */ = {isa = PBXFileReference; lastKnownFileType = sourcecode.swift; path = AppDelegate.swift; sourceTree = "<group>"; };
		4A80471D1E5143E700A6C22C /* ViewController.swift */ = {isa = PBXFileReference; lastKnownFileType = sourcecode.swift; path = ViewController.swift; sourceTree = "<group>"; };
		4A8047201E5143E700A6C22C /* Base */ = {isa = PBXFileReference; lastKnownFileType = file.storyboard; name = Base; path = Base.lproj/Main.storyboard; sourceTree = "<group>"; };
		4A8047221E5143E700A6C22C /* Assets.xcassets */ = {isa = PBXFileReference; lastKnownFileType = folder.assetcatalog; path = Assets.xcassets; sourceTree = "<group>"; };
		4A8047251E5143E700A6C22C /* Base */ = {isa = PBXFileReference; lastKnownFileType = file.storyboard; name = Base; path = Base.lproj/LaunchScreen.storyboard; sourceTree = "<group>"; };
		4A8047271E5143E700A6C22C /* Info.plist */ = {isa = PBXFileReference; lastKnownFileType = text.plist.xml; path = Info.plist; sourceTree = "<group>"; };
		4A80472C1E5143E700A6C22C /* Button FunTests.xctest */ = {isa = PBXFileReference; explicitFileType = wrapper.cfbundle; includeInIndex = 0; path = "Button FunTests.xctest"; sourceTree = BUILT_PRODUCTS_DIR; };
		4A8047301E5143E700A6C22C /* Button_FunTests.swift */ = {isa = PBXFileReference; lastKnownFileType = sourcecode.swift; path = Button_FunTests.swift; sourceTree = "<group>"; };
		4A8047321E5143E700A6C22C /* Info.plist */ = {isa = PBXFileReference; lastKnownFileType = text.plist.xml; path = Info.plist; sourceTree = "<group>"; };
		4A8047371E5143E700A6C22C /* Button FunUITests.xctest */ = {isa = PBXFileReference; explicitFileType = wrapper.cfbundle; includeInIndex = 0; path = "Button FunUITests.xctest"; sourceTree = BUILT_PRODUCTS_DIR; };
		4A80473B1E5143E700A6C22C /* Button_FunUITests.swift */ = {isa = PBXFileReference; lastKnownFileType = sourcecode.swift; path = Button_FunUITests.swift; sourceTree = "<group>"; };
		4A80473D1E5143E700A6C22C /* Info.plist */ = {isa = PBXFileReference; lastKnownFileType = text.plist.xml; path = Info.plist; sourceTree = "<group>"; };
		4A80474E1E5162E700A6C22C /* UIColor+RandomColor.swift */ = {isa = PBXFileReference; fileEncoding = 4; lastKnownFileType = sourcecode.swift; path = "UIColor+RandomColor.swift"; sourceTree = "<group>"; };
		4A8047501E51657D00A6C22C /* Block.swift */ = {isa = PBXFileReference; fileEncoding = 4; lastKnownFileType = sourcecode.swift; path = Block.swift; sourceTree = "<group>"; };
		4A8047531E5165FC00A6C22C /* Constants.swift */ = {isa = PBXFileReference; fileEncoding = 4; lastKnownFileType = sourcecode.swift; path = Constants.swift; sourceTree = "<group>"; };
/* End PBXFileReference section */

/* Begin PBXFrameworksBuildPhase section */
		4A8047151E5143E600A6C22C /* Frameworks */ = {
			isa = PBXFrameworksBuildPhase;
			buildActionMask = 2147483647;
			files = (
			);
			runOnlyForDeploymentPostprocessing = 0;
		};
		4A8047291E5143E700A6C22C /* Frameworks */ = {
			isa = PBXFrameworksBuildPhase;
			buildActionMask = 2147483647;
			files = (
			);
			runOnlyForDeploymentPostprocessing = 0;
		};
		4A8047341E5143E700A6C22C /* Frameworks */ = {
			isa = PBXFrameworksBuildPhase;
			buildActionMask = 2147483647;
			files = (
			);
			runOnlyForDeploymentPostprocessing = 0;
		};
/* End PBXFrameworksBuildPhase section */

/* Begin PBXGroup section */
		4A80470F1E5143E600A6C22C = {
			isa = PBXGroup;
			children = (
				4A80471A1E5143E700A6C22C /* Button Fun */,
				4A80472F1E5143E700A6C22C /* Button FunTests */,
				4A80473A1E5143E700A6C22C /* Button FunUITests */,
				4A8047191E5143E700A6C22C /* Products */,
			);
			sourceTree = "<group>";
		};
		4A8047191E5143E700A6C22C /* Products */ = {
			isa = PBXGroup;
			children = (
				4A8047181E5143E700A6C22C /* Button Fun.app */,
				4A80472C1E5143E700A6C22C /* Button FunTests.xctest */,
				4A8047371E5143E700A6C22C /* Button FunUITests.xctest */,
			);
			name = Products;
			sourceTree = "<group>";
		};
		4A80471A1E5143E700A6C22C /* Button Fun */ = {
			isa = PBXGroup;
			children = (
				4A80471B1E5143E700A6C22C /* AppDelegate.swift */,
				4A80471D1E5143E700A6C22C /* ViewController.swift */,
				4A80471F1E5143E700A6C22C /* Main.storyboard */,
				4A8047221E5143E700A6C22C /* Assets.xcassets */,
				4A8047241E5143E700A6C22C /* LaunchScreen.storyboard */,
				4A8047271E5143E700A6C22C /* Info.plist */,
				4A80474E1E5162E700A6C22C /* UIColor+RandomColor.swift */,
				4A8047501E51657D00A6C22C /* Block.swift */,
				4A8047531E5165FC00A6C22C /* Constants.swift */,
			);
			path = "Button Fun";
			sourceTree = "<group>";
		};
		4A80472F1E5143E700A6C22C /* Button FunTests */ = {
			isa = PBXGroup;
			children = (
				4A8047301E5143E700A6C22C /* Button_FunTests.swift */,
				4A8047321E5143E700A6C22C /* Info.plist */,
			);
			path = "Button FunTests";
			sourceTree = "<group>";
		};
		4A80473A1E5143E700A6C22C /* Button FunUITests */ = {
			isa = PBXGroup;
			children = (
				4A80473B1E5143E700A6C22C /* Button_FunUITests.swift */,
				4A80473D1E5143E700A6C22C /* Info.plist */,
			);
			path = "Button FunUITests";
			sourceTree = "<group>";
		};
/* End PBXGroup section */

/* Begin PBXNativeTarget section */
		4A8047171E5143E600A6C22C /* Button Fun */ = {
			isa = PBXNativeTarget;
			buildConfigurationList = 4A8047401E5143E700A6C22C /* Build configuration list for PBXNativeTarget "Button Fun" */;
			buildPhases = (
				4A8047141E5143E600A6C22C /* Sources */,
				4A8047151E5143E600A6C22C /* Frameworks */,
				4A8047161E5143E600A6C22C /* Resources */,
			);
			buildRules = (
			);
			dependencies = (
			);
			name = "Button Fun";
			productName = "Button Fun";
			productReference = 4A8047181E5143E700A6C22C /* Button Fun.app */;
			productType = "com.apple.product-type.application";
		};
		4A80472B1E5143E700A6C22C /* Button FunTests */ = {
			isa = PBXNativeTarget;
			buildConfigurationList = 4A8047431E5143E700A6C22C /* Build configuration list for PBXNativeTarget "Button FunTests" */;
			buildPhases = (
				4A8047281E5143E700A6C22C /* Sources */,
				4A8047291E5143E700A6C22C /* Frameworks */,
				4A80472A1E5143E700A6C22C /* Resources */,
			);
			buildRules = (
			);
			dependencies = (
				4A80472E1E5143E700A6C22C /* PBXTargetDependency */,
			);
			name = "Button FunTests";
			productName = "Button FunTests";
			productReference = 4A80472C1E5143E700A6C22C /* Button FunTests.xctest */;
			productType = "com.apple.product-type.bundle.unit-test";
		};
		4A8047361E5143E700A6C22C /* Button FunUITests */ = {
			isa = PBXNativeTarget;
			buildConfigurationList = 4A8047461E5143E700A6C22C /* Build configuration list for PBXNativeTarget "Button FunUITests" */;
			buildPhases = (
				4A8047331E5143E700A6C22C /* Sources */,
				4A8047341E5143E700A6C22C /* Frameworks */,
				4A8047351E5143E700A6C22C /* Resources */,
			);
			buildRules = (
			);
			dependencies = (
				4A8047391E5143E700A6C22C /* PBXTargetDependency */,
			);
			name = "Button FunUITests";
			productName = "Button FunUITests";
			productReference = 4A8047371E5143E700A6C22C /* Button FunUITests.xctest */;
			productType = "com.apple.product-type.bundle.ui-testing";
		};
/* End PBXNativeTarget section */

/* Begin PBXProject section */
		4A8047101E5143E600A6C22C /* Project object */ = {
			isa = PBXProject;
			attributes = {
				LastSwiftUpdateCheck = 0820;
				LastUpgradeCheck = 0820;
				ORGANIZATIONNAME = "Noemi Quezada";
				TargetAttributes = {
					4A8047171E5143E600A6C22C = {
						CreatedOnToolsVersion = 8.2.1;
						DevelopmentTeam = ND57BSRCW5;
						ProvisioningStyle = Automatic;
					};
					4A80472B1E5143E700A6C22C = {
						CreatedOnToolsVersion = 8.2.1;
						DevelopmentTeam = ND57BSRCW5;
						ProvisioningStyle = Automatic;
						TestTargetID = 4A8047171E5143E600A6C22C;
					};
					4A8047361E5143E700A6C22C = {
						CreatedOnToolsVersion = 8.2.1;
						DevelopmentTeam = ND57BSRCW5;
						ProvisioningStyle = Automatic;
						TestTargetID = 4A8047171E5143E600A6C22C;
					};
				};
			};
			buildConfigurationList = 4A8047131E5143E600A6C22C /* Build configuration list for PBXProject "Button Fun" */;
			compatibilityVersion = "Xcode 3.2";
			developmentRegion = English;
			hasScannedForEncodings = 0;
			knownRegions = (
				en,
				Base,
			);
			mainGroup = 4A80470F1E5143E600A6C22C;
			productRefGroup = 4A8047191E5143E700A6C22C /* Products */;
			projectDirPath = "";
			projectRoot = "";
			targets = (
				4A8047171E5143E600A6C22C /* Button Fun */,
				4A80472B1E5143E700A6C22C /* Button FunTests */,
				4A8047361E5143E700A6C22C /* Button FunUITests */,
			);
		};
/* End PBXProject section */

/* Begin PBXResourcesBuildPhase section */
		4A8047161E5143E600A6C22C /* Resources */ = {
			isa = PBXResourcesBuildPhase;
			buildActionMask = 2147483647;
			files = (
				4A8047261E5143E700A6C22C /* LaunchScreen.storyboard in Resources */,
				4A8047231E5143E700A6C22C /* Assets.xcassets in Resources */,
				4A8047211E5143E700A6C22C /* Main.storyboard in Resources */,
			);
			runOnlyForDeploymentPostprocessing = 0;
		};
		4A80472A1E5143E700A6C22C /* Resources */ = {
			isa = PBXResourcesBuildPhase;
			buildActionMask = 2147483647;
			files = (
			);
			runOnlyForDeploymentPostprocessing = 0;
		};
		4A8047351E5143E700A6C22C /* Resources */ = {
			isa = PBXResourcesBuildPhase;
			buildActionMask = 2147483647;
			files = (
			);
			runOnlyForDeploymentPostprocessing = 0;
		};
/* End PBXResourcesBuildPhase section */

/* Begin PBXSourcesBuildPhase section */
		4A8047141E5143E600A6C22C /* Sources */ = {
			isa = PBXSourcesBuildPhase;
			buildActionMask = 2147483647;
			files = (
				4A80471E1E5143E700A6C22C /* ViewController.swift in Sources */,
				4A8047511E51657D00A6C22C /* Block.swift in Sources */,
				4A80474F1E5162E700A6C22C /* UIColor+RandomColor.swift in Sources */,
				4A80471C1E5143E700A6C22C /* AppDelegate.swift in Sources */,
				4A8047541E5165FC00A6C22C /* Constants.swift in Sources */,
			);
			runOnlyForDeploymentPostprocessing = 0;
		};
		4A8047281E5143E700A6C22C /* Sources */ = {
			isa = PBXSourcesBuildPhase;
			buildActionMask = 2147483647;
			files = (
				4A8047311E5143E700A6C22C /* Button_FunTests.swift in Sources */,
			);
			runOnlyForDeploymentPostprocessing = 0;
		};
		4A8047331E5143E700A6C22C /* Sources */ = {
			isa = PBXSourcesBuildPhase;
			buildActionMask = 2147483647;
			files = (
				4A80473C1E5143E700A6C22C /* Button_FunUITests.swift in Sources */,
			);
			runOnlyForDeploymentPostprocessing = 0;
		};
/* End PBXSourcesBuildPhase section */

/* Begin PBXTargetDependency section */
		4A80472E1E5143E700A6C22C /* PBXTargetDependency */ = {
			isa = PBXTargetDependency;
			target = 4A8047171E5143E600A6C22C /* Button Fun */;
			targetProxy = 4A80472D1E5143E700A6C22C /* PBXContainerItemProxy */;
		};
		4A8047391E5143E700A6C22C /* PBXTargetDependency */ = {
			isa = PBXTargetDependency;
			target = 4A8047171E5143E600A6C22C /* Button Fun */;
			targetProxy = 4A8047381E5143E700A6C22C /* PBXContainerItemProxy */;
		};
/* End PBXTargetDependency section */

/* Begin PBXVariantGroup section */
		4A80471F1E5143E700A6C22C /* Main.storyboard */ = {
			isa = PBXVariantGroup;
			children = (
				4A8047201E5143E700A6C22C /* Base */,
			);
			name = Main.storyboard;
			sourceTree = "<group>";
		};
		4A8047241E5143E700A6C22C /* LaunchScreen.storyboard */ = {
			isa = PBXVariantGroup;
			children = (
				4A8047251E5143E700A6C22C /* Base */,
			);
			name = LaunchScreen.storyboard;
			sourceTree = "<group>";
		};
/* End PBXVariantGroup section */

/* Begin XCBuildConfiguration section */
		4A80473E1E5143E700A6C22C /* Debug */ = {
			isa = XCBuildConfiguration;
			buildSettings = {
				ALWAYS_SEARCH_USER_PATHS = NO;
				CLANG_ANALYZER_NONNULL = YES;
				CLANG_CXX_LANGUAGE_STANDARD = "gnu++0x";
				CLANG_CXX_LIBRARY = "libc++";
				CLANG_ENABLE_MODULES = YES;
				CLANG_ENABLE_OBJC_ARC = YES;
				CLANG_WARN_BOOL_CONVERSION = YES;
				CLANG_WARN_CONSTANT_CONVERSION = YES;
				CLANG_WARN_DIRECT_OBJC_ISA_USAGE = YES_ERROR;
				CLANG_WARN_DOCUMENTATION_COMMENTS = YES;
				CLANG_WARN_EMPTY_BODY = YES;
				CLANG_WARN_ENUM_CONVERSION = YES;
				CLANG_WARN_INFINITE_RECURSION = YES;
				CLANG_WARN_INT_CONVERSION = YES;
				CLANG_WARN_OBJC_ROOT_CLASS = YES_ERROR;
				CLANG_WARN_SUSPICIOUS_MOVE = YES;
				CLANG_WARN_UNREACHABLE_CODE = YES;
				CLANG_WARN__DUPLICATE_METHOD_MATCH = YES;
				"CODE_SIGN_IDENTITY[sdk=iphoneos*]" = "iPhone Developer";
				COPY_PHASE_STRIP = NO;
				DEBUG_INFORMATION_FORMAT = dwarf;
				ENABLE_STRICT_OBJC_MSGSEND = YES;
				ENABLE_TESTABILITY = YES;
				GCC_C_LANGUAGE_STANDARD = gnu99;
				GCC_DYNAMIC_NO_PIC = NO;
				GCC_NO_COMMON_BLOCKS = YES;
				GCC_OPTIMIZATION_LEVEL = 0;
				GCC_PREPROCESSOR_DEFINITIONS = (
					"DEBUG=1",
					"$(inherited)",
				);
				GCC_WARN_64_TO_32_BIT_CONVERSION = YES;
				GCC_WARN_ABOUT_RETURN_TYPE = YES_ERROR;
				GCC_WARN_UNDECLARED_SELECTOR = YES;
				GCC_WARN_UNINITIALIZED_AUTOS = YES_AGGRESSIVE;
				GCC_WARN_UNUSED_FUNCTION = YES;
				GCC_WARN_UNUSED_VARIABLE = YES;
				IPHONEOS_DEPLOYMENT_TARGET = 10.2;
				MTL_ENABLE_DEBUG_INFO = YES;
				ONLY_ACTIVE_ARCH = YES;
				SDKROOT = iphoneos;
				SWIFT_ACTIVE_COMPILATION_CONDITIONS = DEBUG;
				SWIFT_OPTIMIZATION_LEVEL = "-Onone";
				TARGETED_DEVICE_FAMILY = "1,2";
			};
			name = Debug;
		};
		4A80473F1E5143E700A6C22C /* Release */ = {
			isa = XCBuildConfiguration;
			buildSettings = {
				ALWAYS_SEARCH_USER_PATHS = NO;
				CLANG_ANALYZER_NONNULL = YES;
				CLANG_CXX_LANGUAGE_STANDARD = "gnu++0x";
				CLANG_CXX_LIBRARY = "libc++";
				CLANG_ENABLE_MODULES = YES;
				CLANG_ENABLE_OBJC_ARC = YES;
				CLANG_WARN_BOOL_CONVERSION = YES;
				CLANG_WARN_CONSTANT_CONVERSION = YES;
				CLANG_WARN_DIRECT_OBJC_ISA_USAGE = YES_ERROR;
				CLANG_WARN_DOCUMENTATION_COMMENTS = YES;
				CLANG_WARN_EMPTY_BODY = YES;
				CLANG_WARN_ENUM_CONVERSION = YES;
				CLANG_WARN_INFINITE_RECURSION = YES;
				CLANG_WARN_INT_CONVERSION = YES;
				CLANG_WARN_OBJC_ROOT_CLASS = YES_ERROR;
				CLANG_WARN_SUSPICIOUS_MOVE = YES;
				CLANG_WARN_UNREACHABLE_CODE = YES;
				CLANG_WARN__DUPLICATE_METHOD_MATCH = YES;
				"CODE_SIGN_IDENTITY[sdk=iphoneos*]" = "iPhone Developer";
				COPY_PHASE_STRIP = NO;
				DEBUG_INFORMATION_FORMAT = "dwarf-with-dsym";
				ENABLE_NS_ASSERTIONS = NO;
				ENABLE_STRICT_OBJC_MSGSEND = YES;
				GCC_C_LANGUAGE_STANDARD = gnu99;
				GCC_NO_COMMON_BLOCKS = YES;
				GCC_WARN_64_TO_32_BIT_CONVERSION = YES;
				GCC_WARN_ABOUT_RETURN_TYPE = YES_ERROR;
				GCC_WARN_UNDECLARED_SELECTOR = YES;
				GCC_WARN_UNINITIALIZED_AUTOS = YES_AGGRESSIVE;
				GCC_WARN_UNUSED_FUNCTION = YES;
				GCC_WARN_UNUSED_VARIABLE = YES;
				IPHONEOS_DEPLOYMENT_TARGET = 10.2;
				MTL_ENABLE_DEBUG_INFO = NO;
				SDKROOT = iphoneos;
				SWIFT_OPTIMIZATION_LEVEL = "-Owholemodule";
				TARGETED_DEVICE_FAMILY = "1,2";
				VALIDATE_PRODUCT = YES;
			};
			name = Release;
		};
		4A8047411E5143E700A6C22C /* Debug */ = {
			isa = XCBuildConfiguration;
			buildSettings = {
				ASSETCATALOG_COMPILER_APPICON_NAME = AppIcon;
				DEVELOPMENT_TEAM = ND57BSRCW5;
				INFOPLIST_FILE = "Button Fun/Info.plist";
				LD_RUNPATH_SEARCH_PATHS = "$(inherited) @executable_path/Frameworks";
				PRODUCT_BUNDLE_IDENTIFIER = "com.noemiquezada.Button-Fun";
				PRODUCT_NAME = "$(TARGET_NAME)";
				SWIFT_VERSION = 3.0;
			};
			name = Debug;
		};
		4A8047421E5143E700A6C22C /* Release */ = {
			isa = XCBuildConfiguration;
			buildSettings = {
				ASSETCATALOG_COMPILER_APPICON_NAME = AppIcon;
				DEVELOPMENT_TEAM = ND57BSRCW5;
				INFOPLIST_FILE = "Button Fun/Info.plist";
				LD_RUNPATH_SEARCH_PATHS = "$(inherited) @executable_path/Frameworks";
				PRODUCT_BUNDLE_IDENTIFIER = "com.noemiquezada.Button-Fun";
				PRODUCT_NAME = "$(TARGET_NAME)";
				SWIFT_VERSION = 3.0;
			};
			name = Release;
		};
		4A8047441E5143E700A6C22C /* Debug */ = {
			isa = XCBuildConfiguration;
			buildSettings = {
				ALWAYS_EMBED_SWIFT_STANDARD_LIBRARIES = YES;
				BUNDLE_LOADER = "$(TEST_HOST)";
				DEVELOPMENT_TEAM = ND57BSRCW5;
				INFOPLIST_FILE = "Button FunTests/Info.plist";
				LD_RUNPATH_SEARCH_PATHS = "$(inherited) @executable_path/Frameworks @loader_path/Frameworks";
				PRODUCT_BUNDLE_IDENTIFIER = "com.noemiquezada.Button-FunTests";
				PRODUCT_NAME = "$(TARGET_NAME)";
				SWIFT_VERSION = 3.0;
				TEST_HOST = "$(BUILT_PRODUCTS_DIR)/Button Fun.app/Button Fun";
			};
			name = Debug;
		};
		4A8047451E5143E700A6C22C /* Release */ = {
			isa = XCBuildConfiguration;
			buildSettings = {
				ALWAYS_EMBED_SWIFT_STANDARD_LIBRARIES = YES;
				BUNDLE_LOADER = "$(TEST_HOST)";
				DEVELOPMENT_TEAM = ND57BSRCW5;
				INFOPLIST_FILE = "Button FunTests/Info.plist";
				LD_RUNPATH_SEARCH_PATHS = "$(inherited) @executable_path/Frameworks @loader_path/Frameworks";
				PRODUCT_BUNDLE_IDENTIFIER = "com.noemiquezada.Button-FunTests";
				PRODUCT_NAME = "$(TARGET_NAME)";
				SWIFT_VERSION = 3.0;
				TEST_HOST = "$(BUILT_PRODUCTS_DIR)/Button Fun.app/Button Fun";
			};
			name = Release;
		};
		4A8047471E5143E700A6C22C /* Debug */ = {
			isa = XCBuildConfiguration;
			buildSettings = {
				ALWAYS_EMBED_SWIFT_STANDARD_LIBRARIES = YES;
				DEVELOPMENT_TEAM = ND57BSRCW5;
				INFOPLIST_FILE = "Button FunUITests/Info.plist";
				LD_RUNPATH_SEARCH_PATHS = "$(inherited) @executable_path/Frameworks @loader_path/Frameworks";
				PRODUCT_BUNDLE_IDENTIFIER = "com.noemiquezada.Button-FunUITests";
				PRODUCT_NAME = "$(TARGET_NAME)";
				SWIFT_VERSION = 3.0;
				TEST_TARGET_NAME = "Button Fun";
			};
			name = Debug;
		};
		4A8047481E5143E700A6C22C /* Release */ = {
			isa = XCBuildConfiguration;
			buildSettings = {
				ALWAYS_EMBED_SWIFT_STANDARD_LIBRARIES = YES;
				DEVELOPMENT_TEAM = ND57BSRCW5;
				INFOPLIST_FILE = "Button FunUITests/Info.plist";
				LD_RUNPATH_SEARCH_PATHS = "$(inherited) @executable_path/Frameworks @loader_path/Frameworks";
				PRODUCT_BUNDLE_IDENTIFIER = "com.noemiquezada.Button-FunUITests";
				PRODUCT_NAME = "$(TARGET_NAME)";
				SWIFT_VERSION = 3.0;
				TEST_TARGET_NAME = "Button Fun";
			};
			name = Release;
		};
/* End XCBuildConfiguration section */

/* Begin XCConfigurationList section */
		4A8047131E5143E600A6C22C /* Build configuration list for PBXProject "Button Fun" */ = {
			isa = XCConfigurationList;
			buildConfigurations = (
				4A80473E1E5143E700A6C22C /* Debug */,
				4A80473F1E5143E700A6C22C /* Release */,
			);
			defaultConfigurationIsVisible = 0;
			defaultConfigurationName = Release;
		};
		4A8047401E5143E700A6C22C /* Build configuration list for PBXNativeTarget "Button Fun" */ = {
			isa = XCConfigurationList;
			buildConfigurations = (
				4A8047411E5143E700A6C22C /* Debug */,
				4A8047421E5143E700A6C22C /* Release */,
			);
			defaultConfigurationIsVisible = 0;
		};
		4A8047431E5143E700A6C22C /* Build configuration list for PBXNativeTarget "Button FunTests" */ = {
			isa = XCConfigurationList;
			buildConfigurations = (
				4A8047441E5143E700A6C22C /* Debug */,
				4A8047451E5143E700A6C22C /* Release */,
			);
			defaultConfigurationIsVisible = 0;
		};
		4A8047461E5143E700A6C22C /* Build configuration list for PBXNativeTarget "Button FunUITests" */ = {
			isa = XCConfigurationList;
			buildConfigurations = (
				4A8047471E5143E700A6C22C /* Debug */,
				4A8047481E5143E700A6C22C /* Release */,
			);
			defaultConfigurationIsVisible = 0;
		};
/* End XCConfigurationList section */
	};
	rootObject = 4A8047101E5143E600A6C22C /* Project object */;
}
